
Microsoft Visual Studio Solution File, Format Version 12.00
# Visual Studio Version 16
VisualStudioVersion = 25.0.1706.14
MinimumVisualStudioVersion = 10.0.40219.1
Project("{FAE04EC0-301F-11D3-BF4B-00C04F79EFBC}") = "poliTraking", "poliTraking\poliTraking.csproj", "{A9445CD1-59FD-42B9-A975-0DDDDC52B735}"
EndProject
Global
	GlobalSection(SolutionConfigurationPlatforms) = preSolution
		Debug|Any CPU = Debug|Any CPU
		Release|Any CPU = Release|Any CPU
	EndGlobalSection
	GlobalSection(ProjectConfigurationPlatforms) = postSolution
		{A9445CD1-59FD-42B9-A975-0DDDDC52B735}.Debug|Any CPU.ActiveCfg = Debug|Any CPU
		{A9445CD1-59FD-42B9-A975-0DDDDC52B735}.Debug|Any CPU.Build.0 = Debug|Any CPU
		{A9445CD1-59FD-42B9-A975-0DDDDC52B735}.Release|Any CPU.ActiveCfg = Release|Any CPU
		{A9445CD1-59FD-42B9-A975-0DDDDC52B735}.Release|Any CPU.Build.0 = Release|Any CPU
	EndGlobalSection
	GlobalSection(SolutionProperties) = preSolution
		HideSolutionNode = FALSE
	EndGlobalSection
	GlobalSection(ExtensibilityGlobals) = postSolution
		SolutionGuid = {61269A75-AB47-4C0C-9DA4-466FCD3F04F1}
	EndGlobalSection
EndGlobal
